{
  "nodes": {
    "disko": {
      "inputs": {
        "nixpkgs": [
          "nixpkgs"
        ]
      },
      "locked": {
        "lastModified": 1720661479,
        "narHash": "sha256-nsGgA14vVn0GGiqEfomtVgviRJCuSR3UEopfP8ixW1I=",
        "owner": "nix-community",
        "repo": "disko",
        "rev": "786965e1b1ed3fd2018d78399984f461e2a44689",
        "type": "github"
      },
      "original": {
        "owner": "nix-community",
        "repo": "disko",
        "type": "github"
      }
    },
    "flake-parts": {
      "inputs": {
        "nixpkgs-lib": [
          "nixpkgs"
        ]
      },
      "locked": {
        "lastModified": 1719994518,
        "narHash": "sha256-pQMhCCHyQGRzdfAkdJ4cIWiw+JNuWsTX7f0ZYSyz0VY=",
        "owner": "hercules-ci",
        "repo": "flake-parts",
        "rev": "9227223f6d922fee3c7b190b2cc238a99527bbb7",
        "type": "github"
      },
      "original": {
        "owner": "hercules-ci",
        "repo": "flake-parts",
        "type": "github"
      }
    },
    "nixos-anywhere": {
      "inputs": {
        "disko": [
          "disko"
        ],
        "flake-parts": [
          "flake-parts"
        ],
        "nixos-images": "nixos-images",
        "nixos-stable": [
          "nixpkgs"
        ],
        "nixpkgs": "nixpkgs",
        "treefmt-nix": "treefmt-nix"
      },
      "locked": {
        "lastModified": 1719852663,
        "narHash": "sha256-83rF68wdvOc9iyHSIxlgk/PMoFXilIYabOxC+meamyo=",
        "owner": "nix-community",
        "repo": "nixos-anywhere",
        "rev": "f99d120b3788a286989db4e592a698f5d310d2f6",
        "type": "github"
      },
      "original": {
        "owner": "nix-community",
        "repo": "nixos-anywhere",
        "type": "github"
      }
    },
    "nixos-images": {
      "inputs": {
        "nixos-stable": [
          "nixos-anywhere",
          "nixos-stable"
        ],
        "nixos-unstable": [
          "nixos-anywhere",
          "nixpkgs"
        ]
      },
      "locked": {
        "lastModified": 1717994219,
        "narHash": "sha256-ueTu01bYU5QXdL77psMkApYHpk339xNHg/M7ZzP3uPI=",
        "owner": "nix-community",
        "repo": "nixos-images",
        "rev": "e2fd329c3a39a90bb43e1e2cf47c180ed57831bf",
        "type": "github"
      },
      "original": {
        "owner": "nix-community",
        "repo": "nixos-images",
        "type": "github"
      }
    },
    "nixpkgs": {
      "locked": {
        "lastModified": 1717926692,
        "narHash": "sha256-THcv8qDqobZefHHluPjx/8n+MtVVb8ag/oJbKMqKNRo=",
        "owner": "nixos",
        "repo": "nixpkgs",
        "rev": "7d916e720af6b2ca355e4d0cfb8e4f742c172239",
        "type": "github"
      },
      "original": {
        "owner": "nixos",
        "ref": "nixos-unstable-small",
        "repo": "nixpkgs",
        "type": "github"
      }
    },
    "nixpkgs-stable": {
      "locked": {
        "lastModified": 1720282526,
        "narHash": "sha256-dudRkHPRivMNOhd04YI+v4sWvn2SnN5ODSPIu5IVbco=",
        "owner": "NixOS",
        "repo": "nixpkgs",
        "rev": "550ac3e955c30fe96dd8b2223e37e0f5d225c927",
        "type": "github"
      },
      "original": {
        "owner": "NixOS",
        "ref": "release-24.05",
        "repo": "nixpkgs",
        "type": "github"
      }
    },
    "nixpkgs_2": {
      "locked": {
        "lastModified": 1720691131,
        "narHash": "sha256-CWT+KN8aTPyMIx8P303gsVxUnkinIz0a/Cmasz1jyIM=",
        "owner": "NixOS",
        "repo": "nixpkgs",
        "rev": "a046c1202e11b62cbede5385ba64908feb7bfac4",
        "type": "github"
      },
      "original": {
        "owner": "NixOS",
        "ref": "nixos-24.05",
        "repo": "nixpkgs",
        "type": "github"
      }
    },
    "root": {
      "inputs": {
        "disko": "disko",
        "flake-parts": "flake-parts",
        "nixos-anywhere": "nixos-anywhere",
        "nixpkgs": "nixpkgs_2",
        "sops-nix": "sops-nix",
        "srvos": "srvos",
        "treefmt-nix": "treefmt-nix_2"
      }
    },
    "sops-nix": {
      "inputs": {
        "nixpkgs": [
          "nixpkgs"
        ],
        "nixpkgs-stable": "nixpkgs-stable"
      },
      "locked": {
        "lastModified": 1720479166,
        "narHash": "sha256-jqvhLDXzTLTHq9ZviFOpcTmXXmnbLfz7mWhgMNipMN4=",
        "owner": "Mic92",
        "repo": "sops-nix",
        "rev": "67035a355b1d52d2d238501f8cc1a18706979760",
        "type": "github"
      },
      "original": {
        "owner": "Mic92",
        "repo": "sops-nix",
        "type": "github"
      }
    },
    "srvos": {
      "inputs": {
        "nixpkgs": [
          "nixpkgs"
        ]
      },
      "locked": {
        "lastModified": 1720691926,
        "narHash": "sha256-VE9ZfWRbyBjps5GV8KXiF8XodAykmwRpcJtPiVWCu8M=",
        "owner": "nix-community",
        "repo": "srvos",
        "rev": "e3e8ff545ef14f13c69a0f743078637fde952018",
        "type": "github"
      },
      "original": {
        "owner": "nix-community",
        "repo": "srvos",
        "type": "github"
      }
    },
    "treefmt-nix": {
      "inputs": {
        "nixpkgs": [
          "nixos-anywhere",
          "nixpkgs"
        ]
      },
      "locked": {
        "lastModified": 1717850719,
        "narHash": "sha256-npYqVg+Wk4oxnWrnVG7416fpfrlRhp/lQ6wQ4DHI8YE=",
        "owner": "numtide",
        "repo": "treefmt-nix",
        "rev": "4fc1c45a5f50169f9f29f6a98a438fb910b834ed",
        "type": "github"
      },
      "original": {
        "owner": "numtide",
        "repo": "treefmt-nix",
        "type": "github"
      }
    },
    "treefmt-nix_2": {
      "inputs": {
        "nixpkgs": [
          "nixpkgs"
        ]
      },
      "locked": {
        "lastModified": 1720818892,
        "narHash": "sha256-f52x9srIcqQm1Df3T+xYR5P6VfdnDFa2vkkcLhlTp6U=",
        "owner": "numtide",
        "repo": "treefmt-nix",
        "rev": "5b002f8a53ed04c1a4177e7b00809d57bd2c696f",
        "type": "github"
      },
      "original": {
        "owner": "numtide",
        "repo": "treefmt-nix",
        "type": "github"
      }
    }
  },
  "root": "root",
  "version": 7
}
