{
  "nodes": {
    "nixinate": {
      "inputs": {
        "nixpkgs": [
          "nixpkgs"
        ]
      },
      "locked": {
        "lastModified": 1665496492,
        "narHash": "sha256-CFR9423s2TalOHYEw+6r7v8FmtABKB4NVNQMjwXXt8g=",
        "owner": "elohmeier",
        "repo": "nixinate",
        "rev": "bc620b8f801f4d0dcb2a1fb6d061fff0d585d4a5",
        "type": "github"
      },
      "original": {
        "owner": "elohmeier",
        "repo": "nixinate",
        "type": "github"
      }
    },
    "nixpkgs": {
      "locked": {
        "lastModified": 1667318659,
        "narHash": "sha256-mRXqCdlnxPgm3Wk7mNAOanl7B3Q3U5scYTEiyYmNEOE=",
        "owner": "NixOS",
        "repo": "nixpkgs",
        "rev": "b3a8f7ed267e0a7ed100eb7d716c9137ff120fe3",
        "type": "github"
      },
      "original": {
        "owner": "NixOS",
        "ref": "nixos-22.05",
        "repo": "nixpkgs",
        "type": "github"
      }
    },
    "root": {
      "inputs": {
        "nixinate": "nixinate",
        "nixpkgs": "nixpkgs"
      }
    }
  },
  "root": "root",
  "version": 7
}
